// !$*UTF8*$!
{
	archiveVersion = 1;
	classes = {
	};
	objectVersion = 46;
	objects = {

/* Begin PBXBuildFile section */
		1222E5B61BD1B78F0082BC0D /* ProfileViewController.swift in Sources */ = {isa = PBXBuildFile; fileRef = 1222E5B51BD1B78F0082BC0D /* ProfileViewController.swift */; };
		124DD12B1BEBEEC7009AE51A /* Post.swift in Sources */ = {isa = PBXBuildFile; fileRef = 124DD12A1BEBEEC7009AE51A /* Post.swift */; };
		124DD12D1BEBFFD7009AE51A /* FeedViewController.swift in Sources */ = {isa = PBXBuildFile; fileRef = 124DD12C1BEBFFD7009AE51A /* FeedViewController.swift */; };
		124E0BCE1BAB6275007A5E98 /* AppDelegate.swift in Sources */ = {isa = PBXBuildFile; fileRef = 124E0BCD1BAB6275007A5E98 /* AppDelegate.swift */; };
		124E0BD01BAB6275007A5E98 /* ViewController.swift in Sources */ = {isa = PBXBuildFile; fileRef = 124E0BCF1BAB6275007A5E98 /* ViewController.swift */; };
		124E0BD31BAB6275007A5E98 /* Main.storyboard in Resources */ = {isa = PBXBuildFile; fileRef = 124E0BD11BAB6275007A5E98 /* Main.storyboard */; };
		124E0BD81BAB6275007A5E98 /* LaunchScreen.storyboard in Resources */ = {isa = PBXBuildFile; fileRef = 124E0BD61BAB6275007A5E98 /* LaunchScreen.storyboard */; };
		1262044D1BE2CBD600D1973B /* User.swift in Sources */ = {isa = PBXBuildFile; fileRef = 1262044C1BE2CBD600D1973B /* User.swift */; };
		1293A13C1C1CF12700C46514 /* Activity.swift in Sources */ = {isa = PBXBuildFile; fileRef = 1293A13B1C1CF12700C46514 /* Activity.swift */; };
		1293A13E1C1CF8A100C46514 /* ActivityViewController.swift in Sources */ = {isa = PBXBuildFile; fileRef = 1293A13D1C1CF8A100C46514 /* ActivityViewController.swift */; };
		1293A1401C1CFA8000C46514 /* ActivityCell.swift in Sources */ = {isa = PBXBuildFile; fileRef = 1293A13F1C1CFA8000C46514 /* ActivityCell.swift */; };
		12A60DDD1BEFB5A200DD216A /* SelfieCell.swift in Sources */ = {isa = PBXBuildFile; fileRef = 12A60DDC1BEFB5A200DD216A /* SelfieCell.swift */; };
		12AEC3591BF575260042DBC2 /* Photos.framework in Frameworks */ = {isa = PBXBuildFile; fileRef = 12AEC3581BF575260042DBC2 /* Photos.framework */; };
		12DA5AA11BC19784003699A1 /* Assets.xcassets in Resources */ = {isa = PBXBuildFile; fileRef = 12DA5AA01BC19784003699A1 /* Assets.xcassets */; };
		354061381D07791400AF4BA2 /* TestSubclass.swift in Sources */ = {isa = PBXBuildFile; fileRef = 354061371D07791400AF4BA2 /* TestSubclass.swift */; };
		787EF8F1EEB9F82D7F774F21 /* Pods_MySelfiegram.framework in Frameworks */ = {isa = PBXBuildFile; fileRef = 61EED1016DFB9CC3DFF4CD07 /* Pods_MySelfiegram.framework */; };
/* End PBXBuildFile section */

/* Begin PBXFileReference section */
		1222E5B51BD1B78F0082BC0D /* ProfileViewController.swift */ = {isa = PBXFileReference; fileEncoding = 4; lastKnownFileType = sourcecode.swift; name = ProfileViewController.swift; path = ../ProfileViewController.swift; sourceTree = "<group>"; };
		124DD12A1BEBEEC7009AE51A /* Post.swift */ = {isa = PBXFileReference; fileEncoding = 4; lastKnownFileType = sourcecode.swift; path = Post.swift; sourceTree = "<group>"; };
		124DD12C1BEBFFD7009AE51A /* FeedViewController.swift */ = {isa = PBXFileReference; fileEncoding = 4; lastKnownFileType = sourcecode.swift; path = FeedViewController.swift; sourceTree = "<group>"; };
		124E0BCA1BAB6275007A5E98 /* MySelfiegram.app */ = {isa = PBXFileReference; explicitFileType = wrapper.application; includeInIndex = 0; path = MySelfiegram.app; sourceTree = BUILT_PRODUCTS_DIR; };
		124E0BCD1BAB6275007A5E98 /* AppDelegate.swift */ = {isa = PBXFileReference; lastKnownFileType = sourcecode.swift; path = AppDelegate.swift; sourceTree = "<group>"; };
		124E0BCF1BAB6275007A5E98 /* ViewController.swift */ = {isa = PBXFileReference; lastKnownFileType = sourcecode.swift; path = ViewController.swift; sourceTree = "<group>"; };
		124E0BD21BAB6275007A5E98 /* Base */ = {isa = PBXFileReference; lastKnownFileType = file.storyboard; name = Base; path = Base.lproj/Main.storyboard; sourceTree = "<group>"; };
		124E0BD71BAB6275007A5E98 /* Base */ = {isa = PBXFileReference; lastKnownFileType = file.storyboard; name = Base; path = Base.lproj/LaunchScreen.storyboard; sourceTree = "<group>"; };
		124E0BD91BAB6275007A5E98 /* Info.plist */ = {isa = PBXFileReference; lastKnownFileType = text.plist.xml; path = Info.plist; sourceTree = "<group>"; };
		1262044C1BE2CBD600D1973B /* User.swift */ = {isa = PBXFileReference; fileEncoding = 4; lastKnownFileType = sourcecode.swift; path = User.swift; sourceTree = "<group>"; };
		1293A13B1C1CF12700C46514 /* Activity.swift */ = {isa = PBXFileReference; fileEncoding = 4; lastKnownFileType = sourcecode.swift; path = Activity.swift; sourceTree = "<group>"; };
		1293A13D1C1CF8A100C46514 /* ActivityViewController.swift */ = {isa = PBXFileReference; fileEncoding = 4; lastKnownFileType = sourcecode.swift; path = ActivityViewController.swift; sourceTree = "<group>"; };
		1293A13F1C1CFA8000C46514 /* ActivityCell.swift */ = {isa = PBXFileReference; fileEncoding = 4; lastKnownFileType = sourcecode.swift; path = ActivityCell.swift; sourceTree = "<group>"; };
		12A60DDC1BEFB5A200DD216A /* SelfieCell.swift */ = {isa = PBXFileReference; fileEncoding = 4; lastKnownFileType = sourcecode.swift; path = SelfieCell.swift; sourceTree = "<group>"; };
		12AEC3581BF575260042DBC2 /* Photos.framework */ = {isa = PBXFileReference; lastKnownFileType = wrapper.framework; name = Photos.framework; path = System/Library/Frameworks/Photos.framework; sourceTree = SDKROOT; };
		12DA5AA01BC19784003699A1 /* Assets.xcassets */ = {isa = PBXFileReference; lastKnownFileType = folder.assetcatalog; path = Assets.xcassets; sourceTree = "<group>"; };
		14596B51258B7B22B3B6BF9C /* Pods.framework */ = {isa = PBXFileReference; explicitFileType = wrapper.framework; includeInIndex = 0; path = Pods.framework; sourceTree = BUILT_PRODUCTS_DIR; };
		352858971E4A5536007ED99D /* Bolts.framework */ = {isa = PBXFileReference; lastKnownFileType = wrapper.framework; name = Bolts.framework; path = "Pods/../build/Debug-iphoneos/Bolts.framework"; sourceTree = "<group>"; };
		354061371D07791400AF4BA2 /* TestSubclass.swift */ = {isa = PBXFileReference; fileEncoding = 4; lastKnownFileType = sourcecode.swift; path = TestSubclass.swift; sourceTree = "<group>"; };
		61EED1016DFB9CC3DFF4CD07 /* Pods_MySelfiegram.framework */ = {isa = PBXFileReference; explicitFileType = wrapper.framework; includeInIndex = 0; path = Pods_MySelfiegram.framework; sourceTree = BUILT_PRODUCTS_DIR; };
		B4272D6DDA26D9B1E97C9FD6 /* Pods-MySelfiegram.debug.xcconfig */ = {isa = PBXFileReference; includeInIndex = 1; lastKnownFileType = text.xcconfig; name = "Pods-MySelfiegram.debug.xcconfig"; path = "Pods/Target Support Files/Pods-MySelfiegram/Pods-MySelfiegram.debug.xcconfig"; sourceTree = "<group>"; };
		FC08B93C3DE158114B390925 /* Pods-MySelfiegram.release.xcconfig */ = {isa = PBXFileReference; includeInIndex = 1; lastKnownFileType = text.xcconfig; name = "Pods-MySelfiegram.release.xcconfig"; path = "Pods/Target Support Files/Pods-MySelfiegram/Pods-MySelfiegram.release.xcconfig"; sourceTree = "<group>"; };
/* End PBXFileReference section */

/* Begin PBXFrameworksBuildPhase section */
		124E0BC71BAB6275007A5E98 /* Frameworks */ = {
			isa = PBXFrameworksBuildPhase;
			buildActionMask = 2147483647;
			files = (
				12AEC3591BF575260042DBC2 /* Photos.framework in Frameworks */,
				787EF8F1EEB9F82D7F774F21 /* Pods_MySelfiegram.framework in Frameworks */,
			);
			runOnlyForDeploymentPostprocessing = 0;
		};
/* End PBXFrameworksBuildPhase section */

/* Begin PBXGroup section */
		124E0BC11BAB6275007A5E98 = {
			isa = PBXGroup;
			children = (
				12AEC3581BF575260042DBC2 /* Photos.framework */,
				124E0BCC1BAB6275007A5E98 /* MySelfiegram */,
				124E0BCB1BAB6275007A5E98 /* Products */,
				47205C5E813EA26D9012A7A5 /* Frameworks */,
				23E7E735881AB5DCB1FD9100 /* Pods */,
			);
			sourceTree = "<group>";
		};
		124E0BCB1BAB6275007A5E98 /* Products */ = {
			isa = PBXGroup;
			children = (
				124E0BCA1BAB6275007A5E98 /* MySelfiegram.app */,
			);
			name = Products;
			sourceTree = "<group>";
		};
		124E0BCC1BAB6275007A5E98 /* MySelfiegram */ = {
			isa = PBXGroup;
			children = (
				124E0BCD1BAB6275007A5E98 /* AppDelegate.swift */,
				124E0BCF1BAB6275007A5E98 /* ViewController.swift */,
				1222E5B51BD1B78F0082BC0D /* ProfileViewController.swift */,
				124DD12C1BEBFFD7009AE51A /* FeedViewController.swift */,
				1293A13D1C1CF8A100C46514 /* ActivityViewController.swift */,
				1293A13F1C1CFA8000C46514 /* ActivityCell.swift */,
				12A60DDC1BEFB5A200DD216A /* SelfieCell.swift */,
				1262044C1BE2CBD600D1973B /* User.swift */,
				124DD12A1BEBEEC7009AE51A /* Post.swift */,
				1293A13B1C1CF12700C46514 /* Activity.swift */,
				124E0BD11BAB6275007A5E98 /* Main.storyboard */,
				12DA5AA01BC19784003699A1 /* Assets.xcassets */,
				124E0BD61BAB6275007A5E98 /* LaunchScreen.storyboard */,
				124E0BD91BAB6275007A5E98 /* Info.plist */,
				354061371D07791400AF4BA2 /* TestSubclass.swift */,
			);
			path = MySelfiegram;
			sourceTree = "<group>";
		};
		23E7E735881AB5DCB1FD9100 /* Pods */ = {
			isa = PBXGroup;
			children = (
				B4272D6DDA26D9B1E97C9FD6 /* Pods-MySelfiegram.debug.xcconfig */,
				FC08B93C3DE158114B390925 /* Pods-MySelfiegram.release.xcconfig */,
			);
			name = Pods;
			sourceTree = "<group>";
		};
		47205C5E813EA26D9012A7A5 /* Frameworks */ = {
			isa = PBXGroup;
			children = (
				352858971E4A5536007ED99D /* Bolts.framework */,
				14596B51258B7B22B3B6BF9C /* Pods.framework */,
				61EED1016DFB9CC3DFF4CD07 /* Pods_MySelfiegram.framework */,
			);
			name = Frameworks;
			sourceTree = "<group>";
		};
/* End PBXGroup section */

/* Begin PBXNativeTarget section */
		124E0BC91BAB6275007A5E98 /* MySelfiegram */ = {
			isa = PBXNativeTarget;
			buildConfigurationList = 124E0BDC1BAB6275007A5E98 /* Build configuration list for PBXNativeTarget "MySelfiegram" */;
			buildPhases = (
				FA6DBCE6690578D1003A9C8F /* [CP] Check Pods Manifest.lock */,
				124E0BC61BAB6275007A5E98 /* Sources */,
				124E0BC71BAB6275007A5E98 /* Frameworks */,
				124E0BC81BAB6275007A5E98 /* Resources */,
				B43E622D041A991817BAFC45 /* [CP] Embed Pods Frameworks */,
				DAC694AC44D09C888F9DBF30 /* [CP] Copy Pods Resources */,
			);
			buildRules = (
			);
			dependencies = (
			);
			name = MySelfiegram;
			productName = MySelfiegram;
			productReference = 124E0BCA1BAB6275007A5E98 /* MySelfiegram.app */;
			productType = "com.apple.product-type.application";
		};
/* End PBXNativeTarget section */

/* Begin PBXProject section */
		124E0BC21BAB6275007A5E98 /* Project object */ = {
			isa = PBXProject;
			attributes = {
				LastUpgradeCheck = 0810;
				ORGANIZATIONNAME = "Daniel Mathews";
				TargetAttributes = {
					124E0BC91BAB6275007A5E98 = {
						CreatedOnToolsVersion = 7.0;
						DevelopmentTeam = HJ323MUWXQ;
						LastSwiftMigration = 0810;
					};
				};
			};
			buildConfigurationList = 124E0BC51BAB6275007A5E98 /* Build configuration list for PBXProject "MySelfiegram" */;
			compatibilityVersion = "Xcode 3.2";
			developmentRegion = English;
			hasScannedForEncodings = 0;
			knownRegions = (
				en,
				Base,
			);
			mainGroup = 124E0BC11BAB6275007A5E98;
			productRefGroup = 124E0BCB1BAB6275007A5E98 /* Products */;
			projectDirPath = "";
			projectRoot = "";
			targets = (
				124E0BC91BAB6275007A5E98 /* MySelfiegram */,
			);
		};
/* End PBXProject section */

/* Begin PBXResourcesBuildPhase section */
		124E0BC81BAB6275007A5E98 /* Resources */ = {
			isa = PBXResourcesBuildPhase;
			buildActionMask = 2147483647;
			files = (
				124E0BD81BAB6275007A5E98 /* LaunchScreen.storyboard in Resources */,
				12DA5AA11BC19784003699A1 /* Assets.xcassets in Resources */,
				124E0BD31BAB6275007A5E98 /* Main.storyboard in Resources */,
			);
			runOnlyForDeploymentPostprocessing = 0;
		};
/* End PBXResourcesBuildPhase section */

/* Begin PBXShellScriptBuildPhase section */
		B43E622D041A991817BAFC45 /* [CP] Embed Pods Frameworks */ = {
			isa = PBXShellScriptBuildPhase;
			buildActionMask = 2147483647;
			files = (
			);
			inputPaths = (
			);
			name = "[CP] Embed Pods Frameworks";
			outputPaths = (
			);
			runOnlyForDeploymentPostprocessing = 0;
			shellPath = /bin/sh;
			shellScript = "\"${SRCROOT}/Pods/Target Support Files/Pods-MySelfiegram/Pods-MySelfiegram-frameworks.sh\"\n";
			showEnvVarsInLog = 0;
		};
		DAC694AC44D09C888F9DBF30 /* [CP] Copy Pods Resources */ = {
			isa = PBXShellScriptBuildPhase;
			buildActionMask = 2147483647;
			files = (
			);
			inputPaths = (
			);
			name = "[CP] Copy Pods Resources";
			outputPaths = (
			);
			runOnlyForDeploymentPostprocessing = 0;
			shellPath = /bin/sh;
			shellScript = "\"${SRCROOT}/Pods/Target Support Files/Pods-MySelfiegram/Pods-MySelfiegram-resources.sh\"\n";
			showEnvVarsInLog = 0;
		};
		FA6DBCE6690578D1003A9C8F /* [CP] Check Pods Manifest.lock */ = {
			isa = PBXShellScriptBuildPhase;
			buildActionMask = 2147483647;
			files = (
			);
			inputPaths = (
			);
			name = "[CP] Check Pods Manifest.lock";
			outputPaths = (
			);
			runOnlyForDeploymentPostprocessing = 0;
			shellPath = /bin/sh;
			shellScript = "diff \"${PODS_ROOT}/../Podfile.lock\" \"${PODS_ROOT}/Manifest.lock\" > /dev/null\nif [ $? != 0 ] ; then\n    # print error to STDERR\n    echo \"error: The sandbox is not in sync with the Podfile.lock. Run 'pod install' or update your CocoaPods installation.\" >&2\n    exit 1\nfi\n";
			showEnvVarsInLog = 0;
		};
/* End PBXShellScriptBuildPhase section */

/* Begin PBXSourcesBuildPhase section */
		124E0BC61BAB6275007A5E98 /* Sources */ = {
			isa = PBXSourcesBuildPhase;
			buildActionMask = 2147483647;
			files = (
				1262044D1BE2CBD600D1973B /* User.swift in Sources */,
				1222E5B61BD1B78F0082BC0D /* ProfileViewController.swift in Sources */,
				1293A1401C1CFA8000C46514 /* ActivityCell.swift in Sources */,
				12A60DDD1BEFB5A200DD216A /* SelfieCell.swift in Sources */,
				124E0BD01BAB6275007A5E98 /* ViewController.swift in Sources */,
				1293A13E1C1CF8A100C46514 /* ActivityViewController.swift in Sources */,
				124E0BCE1BAB6275007A5E98 /* AppDelegate.swift in Sources */,
				124DD12D1BEBFFD7009AE51A /* FeedViewController.swift in Sources */,
				1293A13C1C1CF12700C46514 /* Activity.swift in Sources */,
				354061381D07791400AF4BA2 /* TestSubclass.swift in Sources */,
				124DD12B1BEBEEC7009AE51A /* Post.swift in Sources */,
			);
			runOnlyForDeploymentPostprocessing = 0;
		};
/* End PBXSourcesBuildPhase section */

/* Begin PBXVariantGroup section */
		124E0BD11BAB6275007A5E98 /* Main.storyboard */ = {
			isa = PBXVariantGroup;
			children = (
				124E0BD21BAB6275007A5E98 /* Base */,
			);
			name = Main.storyboard;
			sourceTree = "<group>";
		};
		124E0BD61BAB6275007A5E98 /* LaunchScreen.storyboard */ = {
			isa = PBXVariantGroup;
			children = (
				124E0BD71BAB6275007A5E98 /* Base */,
			);
			name = LaunchScreen.storyboard;
			sourceTree = "<group>";
		};
/* End PBXVariantGroup section */

/* Begin XCBuildConfiguration section */
		124E0BDA1BAB6275007A5E98 /* Debug */ = {
			isa = XCBuildConfiguration;
			buildSettings = {
				ALWAYS_SEARCH_USER_PATHS = NO;
				CLANG_CXX_LANGUAGE_STANDARD = "gnu++0x";
				CLANG_CXX_LIBRARY = "libc++";
				CLANG_ENABLE_MODULES = YES;
				CLANG_ENABLE_OBJC_ARC = YES;
				CLANG_WARN_BOOL_CONVERSION = YES;
				CLANG_WARN_CONSTANT_CONVERSION = YES;
				CLANG_WARN_DIRECT_OBJC_ISA_USAGE = YES_ERROR;
				CLANG_WARN_EMPTY_BODY = YES;
				CLANG_WARN_ENUM_CONVERSION = YES;
				CLANG_WARN_INFINITE_RECURSION = YES;
				CLANG_WARN_INT_CONVERSION = YES;
				CLANG_WARN_OBJC_ROOT_CLASS = YES_ERROR;
				CLANG_WARN_SUSPICIOUS_MOVE = YES;
				CLANG_WARN_UNREACHABLE_CODE = YES;
				CLANG_WARN__DUPLICATE_METHOD_MATCH = YES;
				"CODE_SIGN_IDENTITY[sdk=iphoneos*]" = "iPhone Developer";
				COPY_PHASE_STRIP = NO;
				DEBUG_INFORMATION_FORMAT = dwarf;
				ENABLE_STRICT_OBJC_MSGSEND = YES;
				ENABLE_TESTABILITY = YES;
				GCC_C_LANGUAGE_STANDARD = gnu99;
				GCC_DYNAMIC_NO_PIC = NO;
				GCC_NO_COMMON_BLOCKS = YES;
				GCC_OPTIMIZATION_LEVEL = 0;
				GCC_PREPROCESSOR_DEFINITIONS = (
					"DEBUG=1",
					"$(inherited)",
				);
				GCC_WARN_64_TO_32_BIT_CONVERSION = YES;
				GCC_WARN_ABOUT_RETURN_TYPE = YES_ERROR;
				GCC_WARN_UNDECLARED_SELECTOR = YES;
				GCC_WARN_UNINITIALIZED_AUTOS = YES_AGGRESSIVE;
				GCC_WARN_UNUSED_FUNCTION = YES;
				GCC_WARN_UNUSED_VARIABLE = YES;
				IPHONEOS_DEPLOYMENT_TARGET = 9.0;
				MTL_ENABLE_DEBUG_INFO = YES;
				ONLY_ACTIVE_ARCH = YES;
				SDKROOT = iphoneos;
				SWIFT_OPTIMIZATION_LEVEL = "-Onone";
			};
			name = Debug;
		};
		124E0BDB1BAB6275007A5E98 /* Release */ = {
			isa = XCBuildConfiguration;
			buildSettings = {
				ALWAYS_SEARCH_USER_PATHS = NO;
				CLANG_CXX_LANGUAGE_STANDARD = "gnu++0x";
				CLANG_CXX_LIBRARY = "libc++";
				CLANG_ENABLE_MODULES = YES;
				CLANG_ENABLE_OBJC_ARC = YES;
				CLANG_WARN_BOOL_CONVERSION = YES;
				CLANG_WARN_CONSTANT_CONVERSION = YES;
				CLANG_WARN_DIRECT_OBJC_ISA_USAGE = YES_ERROR;
				CLANG_WARN_EMPTY_BODY = YES;
				CLANG_WARN_ENUM_CONVERSION = YES;
				CLANG_WARN_INFINITE_RECURSION = YES;
				CLANG_WARN_INT_CONVERSION = YES;
				CLANG_WARN_OBJC_ROOT_CLASS = YES_ERROR;
				CLANG_WARN_SUSPICIOUS_MOVE = YES;
				CLANG_WARN_UNREACHABLE_CODE = YES;
				CLANG_WARN__DUPLICATE_METHOD_MATCH = YES;
				"CODE_SIGN_IDENTITY[sdk=iphoneos*]" = "iPhone Developer";
				COPY_PHASE_STRIP = NO;
				DEBUG_INFORMATION_FORMAT = "dwarf-with-dsym";
				ENABLE_NS_ASSERTIONS = NO;
				ENABLE_STRICT_OBJC_MSGSEND = YES;
				GCC_C_LANGUAGE_STANDARD = gnu99;
				GCC_NO_COMMON_BLOCKS = YES;
				GCC_WARN_64_TO_32_BIT_CONVERSION = YES;
				GCC_WARN_ABOUT_RETURN_TYPE = YES_ERROR;
				GCC_WARN_UNDECLARED_SELECTOR = YES;
				GCC_WARN_UNINITIALIZED_AUTOS = YES_AGGRESSIVE;
				GCC_WARN_UNUSED_FUNCTION = YES;
				GCC_WARN_UNUSED_VARIABLE = YES;
				IPHONEOS_DEPLOYMENT_TARGET = 9.0;
				MTL_ENABLE_DEBUG_INFO = NO;
				SDKROOT = iphoneos;
				SWIFT_OPTIMIZATION_LEVEL = "-Owholemodule";
				VALIDATE_PRODUCT = YES;
			};
			name = Release;
		};
		124E0BDD1BAB6275007A5E98 /* Debug */ = {
			isa = XCBuildConfiguration;
			baseConfigurationReference = B4272D6DDA26D9B1E97C9FD6 /* Pods-MySelfiegram.debug.xcconfig */;
			buildSettings = {
				ASSETCATALOG_COMPILER_APPICON_NAME = AppIcon;
				CODE_SIGN_IDENTITY = "iPhone Developer";
				"CODE_SIGN_IDENTITY[sdk=iphoneos*]" = "iPhone Developer";
				DEVELOPMENT_TEAM = HJ323MUWXQ;
				FRAMEWORK_SEARCH_PATHS = (
					"$(inherited)",
					"$(PROJECT_DIR)/build/Debug-iphoneos",
				);
				INFOPLIST_FILE = MySelfiegram/Info.plist;
				LD_RUNPATH_SEARCH_PATHS = "$(inherited) @executable_path/Frameworks";
				PRODUCT_BUNDLE_IDENTIFIER = com.ToyBoxMedia.MySelfiegram;
				PRODUCT_NAME = "$(TARGET_NAME)";
				PROVISIONING_PROFILE = "";
				SWIFT_VERSION = 3.0;
			};
			name = Debug;
		};
		124E0BDE1BAB6275007A5E98 /* Release */ = {
			isa = XCBuildConfiguration;
			baseConfigurationReference = FC08B93C3DE158114B390925 /* Pods-MySelfiegram.release.xcconfig */;
			buildSettings = {
				ASSETCATALOG_COMPILER_APPICON_NAME = AppIcon;
				CODE_SIGN_IDENTITY = "iPhone Developer";
				"CODE_SIGN_IDENTITY[sdk=iphoneos*]" = "iPhone Developer";
				DEVELOPMENT_TEAM = HJ323MUWXQ;
				FRAMEWORK_SEARCH_PATHS = (
					"$(inherited)",
					"$(PROJECT_DIR)/build/Debug-iphoneos",
				);
				INFOPLIST_FILE = MySelfiegram/Info.plist;
				LD_RUNPATH_SEARCH_PATHS = "$(inherited) @executable_path/Frameworks";
				PRODUCT_BUNDLE_IDENTIFIER = com.ToyBoxMedia.MySelfiegram;
				PRODUCT_NAME = "$(TARGET_NAME)";
				PROVISIONING_PROFILE = "";
				SWIFT_VERSION = 3.0;
			};
			name = Release;
		};
/* End XCBuildConfiguration section */

/* Begin XCConfigurationList section */
		124E0BC51BAB6275007A5E98 /* Build configuration list for PBXProject "MySelfiegram" */ = {
			isa = XCConfigurationList;
			buildConfigurations = (
				124E0BDA1BAB6275007A5E98 /* Debug */,
				124E0BDB1BAB6275007A5E98 /* Release */,
			);
			defaultConfigurationIsVisible = 0;
			defaultConfigurationName = Release;
		};
		124E0BDC1BAB6275007A5E98 /* Build configuration list for PBXNativeTarget "MySelfiegram" */ = {
			isa = XCConfigurationList;
			buildConfigurations = (
				124E0BDD1BAB6275007A5E98 /* Debug */,
				124E0BDE1BAB6275007A5E98 /* Release */,
			);
			defaultConfigurationIsVisible = 0;
			defaultConfigurationName = Release;
		};
/* End XCConfigurationList section */
	};
	rootObject = 124E0BC21BAB6275007A5E98 /* Project object */;
}
